{
  "name": "@polyspec/orm-typescript",
  "version": "0.0.1",
  "lockfileVersion": 3,
  "requires": true,
  "packages": {
    "": {
      "name": "@polyspec/orm-typescript",
      "version": "0.0.1",
      "dependencies": {
        "@bufbuild/protobuf": "^2.15.0",
        "@connectrpc/connect": "^2.2.0",
        "@connectrpc/connect-node": "^2.2.0",
        "yaml": "2.9.1"
      },
      "engines": {
        "node": ">=22.12.0"
      }
    },
    "node_modules/@bufbuild/protobuf": {
      "version": "2.15.0",
      "resolved": "https://registry.npmjs.org/@bufbuild/protobuf/-/protobuf-2.15.0.tgz",
      "integrity": "sha512-DAheWUkVr/SJTWCc+lg9dhY0eN4SaWlf4+bG1KzHeXbnqt0AfB/NX0Z+VunGlM1ki1B4zVvye27MpKh/svySUA==",
      "license": "(Apache-2.0 AND BSD-3-Clause)"
    },
    "node_modules/@connectrpc/connect": {
      "version": "2.2.0",
      "resolved": "https://registry.npmjs.org/@connectrpc/connect/-/connect-2.2.0.tgz",
      "integrity": "sha512-M63OQ1ZFcPUm85CuewJ9G9CMV8LjzGR9935xOnXNQGSazAbwMb3x2W7vXBYM1zqrP7XFD8uxp/dUAhirclgwnQ==",
      "license": "Apache-2.0",
      "peerDependencies": {
        "@bufbuild/protobuf": "^2.7.0"
      }
    },
    "node_modules/@connectrpc/connect-node": {
      "version": "2.2.0",
      "resolved": "https://registry.npmjs.org/@connectrpc/connect-node/-/connect-node-2.2.0.tgz",
      "integrity": "sha512-E6uUO6e11WdynAuBjuN+0WpHjqxEM9BNDdfDIJHcn49Esg/WxSIbn2y1KFt9XL96IJi01qdBbvubcdpBz1X3Zw==",
      "license": "Apache-2.0",
      "engines": {
        "node": ">=22"
      },
      "peerDependencies": {
        "@bufbuild/protobuf": "^2.7.0",
        "@connectrpc/connect": "2.2.0"
      }
    },
    "node_modules/yaml": {
      "version": "2.9.1",
      "resolved": "https://registry.npmjs.org/yaml/-/yaml-2.9.1.tgz",
      "integrity": "sha512-3NxN8+78OdzbT7C/WjGsyfPAtJaN3FNDsWxv7Y7mcDsT/oOmgW8BpyQQFFBnvZE3j9Y2Sdz1ULFLezL7Eb2yFw==",
      "license": "ISC",
      "bin": {
        "yaml": "bin.mjs"
      },
      "engines": {
        "node": ">= 14.6"
      },
      "funding": {
        "url": "https://github.com/sponsors/eemeli"
      }
    }
  }
}
